
Microsoft Visual Studio Solution File, Format Version 12.00
# Visual Studio 15
VisualStudioVersion = 15.0.26228.4
MinimumVisualStudioVersion = 10.0.40219.1
Project("{FAE04EC0-301F-11D3-BF4B-00C04F79EFBC}") = "GamesASP", "GamesASP\GamesASP.csproj", "{4CB78921-30C4-427B-8EEE-53CC9DFD4036}"
EndProject
Global
	GlobalSection(SolutionConfigurationPlatforms) = preSolution
		Debug|Any CPU = Debug|Any CPU
		Release|Any CPU = Release|Any CPU
	EndGlobalSection
	GlobalSection(ProjectConfigurationPlatforms) = postSolution
		{4CB78921-30C4-427B-8EEE-53CC9DFD4036}.Debug|Any CPU.ActiveCfg = Debug|Any CPU
		{4CB78921-30C4-427B-8EEE-53CC9DFD4036}.Debug|Any CPU.Build.0 = Debug|Any CPU
		{4CB78921-30C4-427B-8EEE-53CC9DFD4036}.Release|Any CPU.ActiveCfg = Release|Any CPU
		{4CB78921-30C4-427B-8EEE-53CC9DFD4036}.Release|Any CPU.Build.0 = Release|Any CPU
	EndGlobalSection
	GlobalSection(SolutionProperties) = preSolution
		HideSolutionNode = FALSE
	EndGlobalSection
	GlobalSection(ExtensibilityGlobals) = postSolution
		SolutionGuid = {61771D56-9347-4A78-8A9D-A57B50BAB016}
	EndGlobalSection
EndGlobal
